{
  "name": "algovivo-compute-rest-shape",
  "lockfileVersion": 2,
  "requires": true,
  "packages": {
    "": {
      "name": "algovivo-compute-rest-shape",
      "dependencies": {
        "algovivo": "github:juniorrojas/algovivo#master",
        "argparse": "^2.0.1"
      },
      "bin": {
        "algovivo-compute-rest-shape": "bin/computeRestShape.js"
      }
    },
    "node_modules/algovivo": {
      "resolved": "git+ssh://git@github.com/juniorrojas/algovivo.git#d6791a546a07273f7d55eaa2f411f5f76ae309bc"
    },
    "node_modules/argparse": {
      "version": "2.0.1",
      "license": "Python-2.0"
    }
  },
  "dependencies": {
    "algovivo": {
      "version": "git+ssh://git@github.com/juniorrojas/algovivo.git#d6791a546a07273f7d55eaa2f411f5f76ae309bc",
      "from": "algovivo@github:juniorrojas/algovivo#master"
    },
    "argparse": {
      "version": "2.0.1"
    }
  }
}
