{
  "name": "algovivo-compute-rest-shape",
  "lockfileVersion": 2,
  "requires": true,
  "packages": {
    "": {
      "name": "algovivo-compute-rest-shape",
      "dependencies": {
        "algovivo": "file:..",
        "argparse": "^2.0.1"
      }
    },
    "..": {
      "devDependencies": {
        "@rollup/plugin-commonjs": "^24.1.0",
        "@rollup/plugin-node-resolve": "^15.0.2",
        "@rollup/plugin-terser": "^0.4.1",
        "express": "^4.18.2",
        "jest": "^29.5.0",
        "puppeteer": "^20.3.0",
        "rollup": "^2.79.1"
      }
    },
    "node_modules/algovivo": {
      "resolved": "..",
      "link": true
    },
    "node_modules/argparse": {
      "version": "2.0.1",
      "resolved": "https://registry.npmjs.org/argparse/-/argparse-2.0.1.tgz",
      "integrity": "sha512-8+9WqebbFzpX9OR+Wa6O29asIogeRMzcGtAINdpMHHyAg10f05aSFVBbcEqGf/PXw1EjAZ+q2/bEBg3DvurK3Q=="
    }
  },
  "dependencies": {
    "algovivo": {
      "version": "file:..",
      "requires": {
        "@rollup/plugin-commonjs": "^24.1.0",
        "@rollup/plugin-node-resolve": "^15.0.2",
        "@rollup/plugin-terser": "^0.4.1",
        "express": "^4.18.2",
        "jest": "^29.5.0",
        "puppeteer": "^20.3.0",
        "rollup": "^2.79.1"
      }
    },
    "argparse": {
      "version": "2.0.1",
      "resolved": "https://registry.npmjs.org/argparse/-/argparse-2.0.1.tgz",
      "integrity": "sha512-8+9WqebbFzpX9OR+Wa6O29asIogeRMzcGtAINdpMHHyAg10f05aSFVBbcEqGf/PXw1EjAZ+q2/bEBg3DvurK3Q=="
    }
  }
}
