{
  "name": "algovivo-compute-rest-shape",
  "lockfileVersion": 2,
  "requires": true,
  "packages": {
    "": {
      "name": "algovivo-compute-rest-shape",
      "dependencies": {
        "algovivo": "github:juniorrojas/algovivo#master",
        "argparse": "^2.0.1"
      },
      "bin": {
        "algovivo-compute-rest-shape": "bin/computeRestShape.js"
      }
    },
    "..": {
      "extraneous": true,
      "devDependencies": {
        "@rollup/plugin-commonjs": "^24.1.0",
        "@rollup/plugin-node-resolve": "^15.0.2",
        "@rollup/plugin-terser": "^0.4.1",
        "express": "^4.18.2",
        "jest": "^29.5.0",
        "puppeteer": "^20.3.0",
        "rollup": "^2.79.1"
      }
    },
    "node_modules/algovivo": {
      "resolved": "git+ssh://git@github.com/juniorrojas/algovivo.git#d6791a546a07273f7d55eaa2f411f5f76ae309bc"
    },
    "node_modules/argparse": {
      "version": "2.0.1",
      "resolved": "https://registry.npmjs.org/argparse/-/argparse-2.0.1.tgz",
      "integrity": "sha512-8+9WqebbFzpX9OR+Wa6O29asIogeRMzcGtAINdpMHHyAg10f05aSFVBbcEqGf/PXw1EjAZ+q2/bEBg3DvurK3Q=="
    }
  },
  "dependencies": {
    "algovivo": {
      "version": "git+ssh://git@github.com/juniorrojas/algovivo.git#d6791a546a07273f7d55eaa2f411f5f76ae309bc",
      "from": "algovivo@git+ssh://git@github.com/juniorrojas/algovivo#master"
    },
    "argparse": {
      "version": "2.0.1",
      "resolved": "https://registry.npmjs.org/argparse/-/argparse-2.0.1.tgz",
      "integrity": "sha512-8+9WqebbFzpX9OR+Wa6O29asIogeRMzcGtAINdpMHHyAg10f05aSFVBbcEqGf/PXw1EjAZ+q2/bEBg3DvurK3Q=="
    }
  }
}
